
Microsoft Visual Studio Solution File, Format Version 12.00
# Visual Studio Version 17
VisualStudioVersion = 17.14.37531.7 d17.14
MinimumVisualStudioVersion = 10.0.40219.1
Project("{FAE04EC0-301F-11D3-BF4B-00C04F79EFBC}") = "OnlineHardware", "OnlineHardware.csproj", "{F31CF175-856B-4873-BE77-DEF731E76796}"
EndProject
Global
	GlobalSection(SolutionConfigurationPlatforms) = preSolution
		Debug|Any CPU = Debug|Any CPU
		Release|Any CPU = Release|Any CPU
	EndGlobalSection
	GlobalSection(ProjectConfigurationPlatforms) = postSolution
		{F31CF175-856B-4873-BE77-DEF731E76796}.Debug|Any CPU.ActiveCfg = Debug|Any CPU
		{F31CF175-856B-4873-BE77-DEF731E76796}.Debug|Any CPU.Build.0 = Debug|Any CPU
		{F31CF175-856B-4873-BE77-DEF731E76796}.Release|Any CPU.ActiveCfg = Release|Any CPU
		{F31CF175-856B-4873-BE77-DEF731E76796}.Release|Any CPU.Build.0 = Release|Any CPU
	EndGlobalSection
	GlobalSection(SolutionProperties) = preSolution
		HideSolutionNode = FALSE
	EndGlobalSection
	GlobalSection(ExtensibilityGlobals) = postSolution
		SolutionGuid = {70455E7A-A350-4650-9A8E-EE8050AFB232}
	EndGlobalSection
EndGlobal
